
Microsoft Visual Studio Solution File, Format Version 12.00
# Visual Studio 2013
VisualStudioVersion = 12.0.21005.1
MinimumVisualStudioVersion = 10.0.40219.1
Project("{FAE04EC0-301F-11D3-BF4B-00C04F79EFBC}") = "NetFrame", "NetFrame.csproj", "{1077AAB8-6760-42D2-B1FE-586461C84AD8}"
EndProject
Project("{FAE04EC0-301F-11D3-BF4B-00C04F79EFBC}") = "ClientDemo", "ClientDemo\ClientDemo.csproj", "{773BB60C-8BDC-416D-BF47-01386AC87E53}"
EndProject
Project("{FAE04EC0-301F-11D3-BF4B-00C04F79EFBC}") = "ServerDemo", "ServerDemo\ServerDemo.csproj", "{CC828092-4FFC-4C7E-A5B4-4A950382C494}"
EndProject
Global
	GlobalSection(SolutionConfigurationPlatforms) = preSolution
		Debug|Any CPU = Debug|Any CPU
		Release|Any CPU = Release|Any CPU
	EndGlobalSection
	GlobalSection(ProjectConfigurationPlatforms) = postSolution
		{1077AAB8-6760-42D2-B1FE-586461C84AD8}.Debug|Any CPU.ActiveCfg = Debug|Any CPU
		{1077AAB8-6760-42D2-B1FE-586461C84AD8}.Debug|Any CPU.Build.0 = Debug|Any CPU
		{1077AAB8-6760-42D2-B1FE-586461C84AD8}.Release|Any CPU.ActiveCfg = Release|Any CPU
		{1077AAB8-6760-42D2-B1FE-586461C84AD8}.Release|Any CPU.Build.0 = Release|Any CPU
		{773BB60C-8BDC-416D-BF47-01386AC87E53}.Debug|Any CPU.ActiveCfg = Debug|Any CPU
		{773BB60C-8BDC-416D-BF47-01386AC87E53}.Debug|Any CPU.Build.0 = Debug|Any CPU
		{773BB60C-8BDC-416D-BF47-01386AC87E53}.Release|Any CPU.ActiveCfg = Release|Any CPU
		{773BB60C-8BDC-416D-BF47-01386AC87E53}.Release|Any CPU.Build.0 = Release|Any CPU
		{CC828092-4FFC-4C7E-A5B4-4A950382C494}.Debug|Any CPU.ActiveCfg = Debug|Any CPU
		{CC828092-4FFC-4C7E-A5B4-4A950382C494}.Debug|Any CPU.Build.0 = Debug|Any CPU
		{CC828092-4FFC-4C7E-A5B4-4A950382C494}.Release|Any CPU.ActiveCfg = Release|Any CPU
		{CC828092-4FFC-4C7E-A5B4-4A950382C494}.Release|Any CPU.Build.0 = Release|Any CPU
	EndGlobalSection
	GlobalSection(SolutionProperties) = preSolution
		HideSolutionNode = FALSE
	EndGlobalSection
EndGlobal
